
Microsoft Visual Studio Solution File, Format Version 12.00
# Visual Studio 15
VisualStudioVersion = 15.0.28010.2048
MinimumVisualStudioVersion = 10.0.40219.1
Project("{2150E333-8FDC-42A3-9474-1A3956D46DE8}") = "Wetr.Server", "Wetr.Server", "{AE19D368-ABBD-469A-81F6-687AD13E10DA}"
EndProject
Project("{FAE04EC0-301F-11D3-BF4B-00C04F79EFBC}") = "Wetr.Domain", "Wetr.Dal\Wetr.Domain\Wetr.Domain.csproj", "{8E0A1BB0-B990-4160-91B4-17E947418297}"
EndProject
Project("{FAE04EC0-301F-11D3-BF4B-00C04F79EFBC}") = "Wetr.Dal.Interface", "Wetr.Dal\Wetr.Dal.Interface\Wetr.Dal.Interface.csproj", "{F9FE8454-5538-490A-89DE-60D409BA3DE1}"
EndProject
Project("{FAE04EC0-301F-11D3-BF4B-00C04F79EFBC}") = "Wetr.Dal.Ado", "Wetr.Dal\Wetr.Dal.Ado\Wetr.Dal.Ado.csproj", "{388B3A1E-0F80-4B10-B7E8-9D37C8C4596D}"
EndProject
Project("{FAE04EC0-301F-11D3-BF4B-00C04F79EFBC}") = "Dal.Common", "Wetr.Dal\Dal.Common\Dal.Common.csproj", "{8C0BA2EA-23D3-49DB-B9C9-4501B51F7F0D}"
EndProject
Project("{FAE04EC0-301F-11D3-BF4B-00C04F79EFBC}") = "Wetr.Dal.Test", "Wetr.Dal\Wetr.Dal.Test\Wetr.Dal.Test.csproj", "{EE1ADE45-80F7-481A-9415-EAB970B249D7}"
EndProject
Project("{2150E333-8FDC-42A3-9474-1A3956D46DE8}") = "Wetr.Cockpit", "Wetr.Cockpit", "{3F39B31D-133D-476A-98C6-9B7C470A019D}"
EndProject
Project("{2150E333-8FDC-42A3-9474-1A3956D46DE8}") = "Wetr.Simulator", "Wetr.Simulator", "{0236F6AF-6325-4F95-BCC2-2C002EDF1C61}"
EndProject
Project("{2150E333-8FDC-42A3-9474-1A3956D46DE8}") = "Wetr.Dal", "Wetr.Dal", "{094F343F-F138-4FD0-AB62-635AA2AD9910}"
EndProject
Project("{FAE04EC0-301F-11D3-BF4B-00C04F79EFBC}") = "Wetr.Simulator.Gui", "Wetr.Simulator\Wetr.Simulator.Gui\Wetr.Simulator.Gui.csproj", "{D828D7FB-4680-441C-BAD5-3B9BCA7D4E88}"
EndProject
Project("{FAE04EC0-301F-11D3-BF4B-00C04F79EFBC}") = "Wetr.Simulator.Logic", "Wetr.Simulator\Wetr.Simulator.Logic\Wetr.Simulator.Logic.csproj", "{33C31DE1-9EE1-4B29-8A12-E35D649E2A6B}"
EndProject
Project("{FAE04EC0-301F-11D3-BF4B-00C04F79EFBC}") = "Wetr.Server.Interface", "Wetr.Server\Wetr.Server.Interface\Wetr.Server.Interface.csproj", "{F77B2AD0-F343-4726-831A-2799B9664200}"
EndProject
Project("{FAE04EC0-301F-11D3-BF4B-00C04F79EFBC}") = "Wetr.Server.Implementation", "Wetr.Server\Wetr.Server.Implementation\Wetr.Server.Implementation.csproj", "{557C7E28-DCAB-4840-BAC1-80ADE3978E3E}"
EndProject
Project("{FAE04EC0-301F-11D3-BF4B-00C04F79EFBC}") = "Wetr.Server.Factory", "Wetr.Server\Wetr.Server.Factory\Wetr.Server.Factory.csproj", "{463321DB-B6FD-4304-8994-BF8380BFFE65}"
EndProject
Project("{FAE04EC0-301F-11D3-BF4B-00C04F79EFBC}") = "Wetr.Cockpit.Gui", "Wetr.Cockpit\Wetr.Cockpit.Gui\Wetr.Cockpit.Gui.csproj", "{21DE04C4-039E-4143-B3F7-9A90DC0119EC}"
EndProject
Project("{FAE04EC0-301F-11D3-BF4B-00C04F79EFBC}") = "Wetr.Server.Test", "Wetr.Server\Wetr.Server.Test\Wetr.Server.Test.csproj", "{4FC371AE-AF55-49CB-B22D-512A411CC628}"
EndProject
Project("{2150E333-8FDC-42A3-9474-1A3956D46DE8}") = "Wetr.WebService", "Wetr.WebService", "{B1AA5C76-524E-4FC1-87E0-324FE8206DDE}"
EndProject
Project("{FAE04EC0-301F-11D3-BF4B-00C04F79EFBC}") = "Wetr.WebService.REST", "Wetr.WebService\Wetr.WebService.REST\Wetr.WebService.REST.csproj", "{2CA1E136-66A5-474A-97DA-54A2FDA26052}"
EndProject
Global
	GlobalSection(SolutionConfigurationPlatforms) = preSolution
		Debug|Any CPU = Debug|Any CPU
		Release|Any CPU = Release|Any CPU
	EndGlobalSection
	GlobalSection(ProjectConfigurationPlatforms) = postSolution
		{8E0A1BB0-B990-4160-91B4-17E947418297}.Debug|Any CPU.ActiveCfg = Debug|Any CPU
		{8E0A1BB0-B990-4160-91B4-17E947418297}.Debug|Any CPU.Build.0 = Debug|Any CPU
		{8E0A1BB0-B990-4160-91B4-17E947418297}.Release|Any CPU.ActiveCfg = Release|Any CPU
		{8E0A1BB0-B990-4160-91B4-17E947418297}.Release|Any CPU.Build.0 = Release|Any CPU
		{F9FE8454-5538-490A-89DE-60D409BA3DE1}.Debug|Any CPU.ActiveCfg = Debug|Any CPU
		{F9FE8454-5538-490A-89DE-60D409BA3DE1}.Debug|Any CPU.Build.0 = Debug|Any CPU
		{F9FE8454-5538-490A-89DE-60D409BA3DE1}.Release|Any CPU.ActiveCfg = Release|Any CPU
		{F9FE8454-5538-490A-89DE-60D409BA3DE1}.Release|Any CPU.Build.0 = Release|Any CPU
		{388B3A1E-0F80-4B10-B7E8-9D37C8C4596D}.Debug|Any CPU.ActiveCfg = Debug|Any CPU
		{388B3A1E-0F80-4B10-B7E8-9D37C8C4596D}.Debug|Any CPU.Build.0 = Debug|Any CPU
		{388B3A1E-0F80-4B10-B7E8-9D37C8C4596D}.Release|Any CPU.ActiveCfg = Release|Any CPU
		{388B3A1E-0F80-4B10-B7E8-9D37C8C4596D}.Release|Any CPU.Build.0 = Release|Any CPU
		{8C0BA2EA-23D3-49DB-B9C9-4501B51F7F0D}.Debug|Any CPU.ActiveCfg = Debug|Any CPU
		{8C0BA2EA-23D3-49DB-B9C9-4501B51F7F0D}.Debug|Any CPU.Build.0 = Debug|Any CPU
		{8C0BA2EA-23D3-49DB-B9C9-4501B51F7F0D}.Release|Any CPU.ActiveCfg = Release|Any CPU
		{8C0BA2EA-23D3-49DB-B9C9-4501B51F7F0D}.Release|Any CPU.Build.0 = Release|Any CPU
		{EE1ADE45-80F7-481A-9415-EAB970B249D7}.Debug|Any CPU.ActiveCfg = Debug|Any CPU
		{EE1ADE45-80F7-481A-9415-EAB970B249D7}.Debug|Any CPU.Build.0 = Debug|Any CPU
		{EE1ADE45-80F7-481A-9415-EAB970B249D7}.Release|Any CPU.ActiveCfg = Release|Any CPU
		{EE1ADE45-80F7-481A-9415-EAB970B249D7}.Release|Any CPU.Build.0 = Release|Any CPU
		{D828D7FB-4680-441C-BAD5-3B9BCA7D4E88}.Debug|Any CPU.ActiveCfg = Debug|Any CPU
		{D828D7FB-4680-441C-BAD5-3B9BCA7D4E88}.Debug|Any CPU.Build.0 = Debug|Any CPU
		{D828D7FB-4680-441C-BAD5-3B9BCA7D4E88}.Release|Any CPU.ActiveCfg = Release|Any CPU
		{D828D7FB-4680-441C-BAD5-3B9BCA7D4E88}.Release|Any CPU.Build.0 = Release|Any CPU
		{33C31DE1-9EE1-4B29-8A12-E35D649E2A6B}.Debug|Any CPU.ActiveCfg = Debug|Any CPU
		{33C31DE1-9EE1-4B29-8A12-E35D649E2A6B}.Debug|Any CPU.Build.0 = Debug|Any CPU
		{33C31DE1-9EE1-4B29-8A12-E35D649E2A6B}.Release|Any CPU.ActiveCfg = Release|Any CPU
		{33C31DE1-9EE1-4B29-8A12-E35D649E2A6B}.Release|Any CPU.Build.0 = Release|Any CPU
		{F77B2AD0-F343-4726-831A-2799B9664200}.Debug|Any CPU.ActiveCfg = Debug|Any CPU
		{F77B2AD0-F343-4726-831A-2799B9664200}.Debug|Any CPU.Build.0 = Debug|Any CPU
		{F77B2AD0-F343-4726-831A-2799B9664200}.Release|Any CPU.ActiveCfg = Release|Any CPU
		{F77B2AD0-F343-4726-831A-2799B9664200}.Release|Any CPU.Build.0 = Release|Any CPU
		{557C7E28-DCAB-4840-BAC1-80ADE3978E3E}.Debug|Any CPU.ActiveCfg = Debug|Any CPU
		{557C7E28-DCAB-4840-BAC1-80ADE3978E3E}.Debug|Any CPU.Build.0 = Debug|Any CPU
		{557C7E28-DCAB-4840-BAC1-80ADE3978E3E}.Release|Any CPU.ActiveCfg = Release|Any CPU
		{557C7E28-DCAB-4840-BAC1-80ADE3978E3E}.Release|Any CPU.Build.0 = Release|Any CPU
		{463321DB-B6FD-4304-8994-BF8380BFFE65}.Debug|Any CPU.ActiveCfg = Debug|Any CPU
		{463321DB-B6FD-4304-8994-BF8380BFFE65}.Debug|Any CPU.Build.0 = Debug|Any CPU
		{463321DB-B6FD-4304-8994-BF8380BFFE65}.Release|Any CPU.ActiveCfg = Release|Any CPU
		{463321DB-B6FD-4304-8994-BF8380BFFE65}.Release|Any CPU.Build.0 = Release|Any CPU
		{21DE04C4-039E-4143-B3F7-9A90DC0119EC}.Debug|Any CPU.ActiveCfg = Debug|Any CPU
		{21DE04C4-039E-4143-B3F7-9A90DC0119EC}.Debug|Any CPU.Build.0 = Debug|Any CPU
		{21DE04C4-039E-4143-B3F7-9A90DC0119EC}.Release|Any CPU.ActiveCfg = Release|Any CPU
		{21DE04C4-039E-4143-B3F7-9A90DC0119EC}.Release|Any CPU.Build.0 = Release|Any CPU
		{4FC371AE-AF55-49CB-B22D-512A411CC628}.Debug|Any CPU.ActiveCfg = Debug|Any CPU
		{4FC371AE-AF55-49CB-B22D-512A411CC628}.Debug|Any CPU.Build.0 = Debug|Any CPU
		{4FC371AE-AF55-49CB-B22D-512A411CC628}.Release|Any CPU.ActiveCfg = Release|Any CPU
		{4FC371AE-AF55-49CB-B22D-512A411CC628}.Release|Any CPU.Build.0 = Release|Any CPU
		{2CA1E136-66A5-474A-97DA-54A2FDA26052}.Debug|Any CPU.ActiveCfg = Debug|Any CPU
		{2CA1E136-66A5-474A-97DA-54A2FDA26052}.Debug|Any CPU.Build.0 = Debug|Any CPU
		{2CA1E136-66A5-474A-97DA-54A2FDA26052}.Release|Any CPU.ActiveCfg = Release|Any CPU
		{2CA1E136-66A5-474A-97DA-54A2FDA26052}.Release|Any CPU.Build.0 = Release|Any CPU
	EndGlobalSection
	GlobalSection(SolutionProperties) = preSolution
		HideSolutionNode = FALSE
	EndGlobalSection
	GlobalSection(NestedProjects) = preSolution
		{8E0A1BB0-B990-4160-91B4-17E947418297} = {094F343F-F138-4FD0-AB62-635AA2AD9910}
		{F9FE8454-5538-490A-89DE-60D409BA3DE1} = {094F343F-F138-4FD0-AB62-635AA2AD9910}
		{388B3A1E-0F80-4B10-B7E8-9D37C8C4596D} = {094F343F-F138-4FD0-AB62-635AA2AD9910}
		{8C0BA2EA-23D3-49DB-B9C9-4501B51F7F0D} = {094F343F-F138-4FD0-AB62-635AA2AD9910}
		{EE1ADE45-80F7-481A-9415-EAB970B249D7} = {094F343F-F138-4FD0-AB62-635AA2AD9910}
		{D828D7FB-4680-441C-BAD5-3B9BCA7D4E88} = {0236F6AF-6325-4F95-BCC2-2C002EDF1C61}
		{33C31DE1-9EE1-4B29-8A12-E35D649E2A6B} = {0236F6AF-6325-4F95-BCC2-2C002EDF1C61}
		{F77B2AD0-F343-4726-831A-2799B9664200} = {AE19D368-ABBD-469A-81F6-687AD13E10DA}
		{557C7E28-DCAB-4840-BAC1-80ADE3978E3E} = {AE19D368-ABBD-469A-81F6-687AD13E10DA}
		{463321DB-B6FD-4304-8994-BF8380BFFE65} = {AE19D368-ABBD-469A-81F6-687AD13E10DA}
		{21DE04C4-039E-4143-B3F7-9A90DC0119EC} = {3F39B31D-133D-476A-98C6-9B7C470A019D}
		{4FC371AE-AF55-49CB-B22D-512A411CC628} = {AE19D368-ABBD-469A-81F6-687AD13E10DA}
		{2CA1E136-66A5-474A-97DA-54A2FDA26052} = {B1AA5C76-524E-4FC1-87E0-324FE8206DDE}
	EndGlobalSection
	GlobalSection(ExtensibilityGlobals) = postSolution
		SolutionGuid = {2313CFFD-5604-406A-80DA-A668448F4E5B}
	EndGlobalSection
EndGlobal
